
Microsoft Visual Studio Solution File, Format Version 12.00
# Visual Studio Version 17
VisualStudioVersion = 17.7.34003.232
MinimumVisualStudioVersion = 10.0.40219.1
Project("{FAE04EC0-301F-11D3-BF4B-00C04F79EFBC}") = "ProgramControllee", "ProgramControllee.csproj", "{3AEAFB12-C732-4E36-9FDE-03083FDC55A9}"
EndProject
Project("{FAE04EC0-301F-11D3-BF4B-00C04F79EFBC}") = "ProgramController", "..\ProgramController\ProgramController.csproj", "{A9FDFDD0-FF63-43A5-9980-F1DAF3AA9E3E}"
EndProject
Global
	GlobalSection(SolutionConfigurationPlatforms) = preSolution
		Debug|Any CPU = Debug|Any CPU
		Release|Any CPU = Release|Any CPU
	EndGlobalSection
	GlobalSection(ProjectConfigurationPlatforms) = postSolution
		{3AEAFB12-C732-4E36-9FDE-03083FDC55A9}.Debug|Any CPU.ActiveCfg = Debug|Any CPU
		{3AEAFB12-C732-4E36-9FDE-03083FDC55A9}.Debug|Any CPU.Build.0 = Debug|Any CPU
		{3AEAFB12-C732-4E36-9FDE-03083FDC55A9}.Release|Any CPU.ActiveCfg = Release|Any CPU
		{3AEAFB12-C732-4E36-9FDE-03083FDC55A9}.Release|Any CPU.Build.0 = Release|Any CPU
		{A9FDFDD0-FF63-43A5-9980-F1DAF3AA9E3E}.Debug|Any CPU.ActiveCfg = Debug|Any CPU
		{A9FDFDD0-FF63-43A5-9980-F1DAF3AA9E3E}.Debug|Any CPU.Build.0 = Debug|Any CPU
		{A9FDFDD0-FF63-43A5-9980-F1DAF3AA9E3E}.Release|Any CPU.ActiveCfg = Release|Any CPU
		{A9FDFDD0-FF63-43A5-9980-F1DAF3AA9E3E}.Release|Any CPU.Build.0 = Release|Any CPU
	EndGlobalSection
	GlobalSection(SolutionProperties) = preSolution
		HideSolutionNode = FALSE
	EndGlobalSection
	GlobalSection(ExtensibilityGlobals) = postSolution
		SolutionGuid = {980C40C3-6F71-4516-87E3-4F758BE7BB90}
	EndGlobalSection
EndGlobal
